// !$*UTF8*$!
{
	archiveVersion = 1;
	classes = {
	};
	objectVersion = 56;
	objects = {

/* Begin PBXBuildFile section */
		A10000000000000000000001 /* AppDelegate.swift in Sources */ = {isa = PBXBuildFile; fileRef = A20000000000000000000001 /* AppDelegate.swift */; };
		A10000000000000000000002 /* SceneDelegate.swift in Sources */ = {isa = PBXBuildFile; fileRef = A20000000000000000000002 /* SceneDelegate.swift */; };
		A10000000000000000000003 /* GameViewController.swift in Sources */ = {isa = PBXBuildFile; fileRef = A20000000000000000000003 /* GameViewController.swift */; };
		A10000000000000000000004 /* client in Resources */ = {isa = PBXBuildFile; fileRef = A20000000000000000000005 /* client */; };
		A10000000000000000000005 /* shared in Resources */ = {isa = PBXBuildFile; fileRef = A20000000000000000000006 /* shared */; };
		A10000000000000000000006 /* UIKit.framework in Frameworks */ = {isa = PBXBuildFile; fileRef = A20000000000000000000007 /* UIKit.framework */; };
		A10000000000000000000007 /* WebKit.framework in Frameworks */ = {isa = PBXBuildFile; fileRef = A20000000000000000000008 /* WebKit.framework */; };
/* End PBXBuildFile section */

/* Begin PBXFileReference section */
		A20000000000000000000001 /* AppDelegate.swift */ = {isa = PBXFileReference; lastKnownFileType = sourcecode.swift; path = AppDelegate.swift; sourceTree = "<group>"; };
		A20000000000000000000002 /* SceneDelegate.swift */ = {isa = PBXFileReference; lastKnownFileType = sourcecode.swift; path = SceneDelegate.swift; sourceTree = "<group>"; };
		A20000000000000000000003 /* GameViewController.swift */ = {isa = PBXFileReference; lastKnownFileType = sourcecode.swift; path = GameViewController.swift; sourceTree = "<group>"; };
		A20000000000000000000004 /* Info.plist */ = {isa = PBXFileReference; lastKnownFileType = text.plist.xml; path = Info.plist; sourceTree = "<group>"; };
		A20000000000000000000005 /* client */ = {isa = PBXFileReference; lastKnownFileType = folder; name = client; path = ../client; sourceTree = SOURCE_ROOT; };
		A20000000000000000000006 /* shared */ = {isa = PBXFileReference; lastKnownFileType = folder; name = shared; path = ../shared; sourceTree = SOURCE_ROOT; };
		A20000000000000000000007 /* UIKit.framework */ = {isa = PBXFileReference; lastKnownFileType = wrapper.framework; name = UIKit.framework; path = System/Library/Frameworks/UIKit.framework; sourceTree = SDKROOT; };
		A20000000000000000000008 /* WebKit.framework */ = {isa = PBXFileReference; lastKnownFileType = wrapper.framework; name = WebKit.framework; path = System/Library/Frameworks/WebKit.framework; sourceTree = SDKROOT; };
		A20000000000000000000009 /* BrowserQuest.app */ = {isa = PBXFileReference; explicitFileType = wrapper.application; includeInIndex = 0; path = BrowserQuest.app; sourceTree = BUILT_PRODUCTS_DIR; };
/* End PBXFileReference section */

/* Begin PBXFrameworksBuildPhase section */
		A30000000000000000000001 /* Frameworks */ = {
			isa = PBXFrameworksBuildPhase;
			buildActionMask = 2147483647;
			files = (
				A10000000000000000000006 /* UIKit.framework in Frameworks */,
				A10000000000000000000007 /* WebKit.framework in Frameworks */,
			);
			runOnlyForDeploymentPostprocessing = 0;
		};
/* End PBXFrameworksBuildPhase section */

/* Begin PBXGroup section */
		A40000000000000000000001 = {
			isa = PBXGroup;
			children = (
				A40000000000000000000002 /* BrowserQuest */,
				A40000000000000000000003 /* Web Assets */,
				A40000000000000000000004 /* Frameworks */,
				A40000000000000000000005 /* Products */,
			);
			sourceTree = "<group>";
		};
		A40000000000000000000002 /* BrowserQuest */ = {
			isa = PBXGroup;
			children = (
				A20000000000000000000001 /* AppDelegate.swift */,
				A20000000000000000000002 /* SceneDelegate.swift */,
				A20000000000000000000003 /* GameViewController.swift */,
				A20000000000000000000004 /* Info.plist */,
			);
			path = BrowserQuest;
			sourceTree = "<group>";
		};
		A40000000000000000000003 /* Web Assets */ = {
			isa = PBXGroup;
			children = (
				A20000000000000000000005 /* client */,
				A20000000000000000000006 /* shared */,
			);
			name = "Web Assets";
			sourceTree = "<group>";
		};
		A40000000000000000000004 /* Frameworks */ = {
			isa = PBXGroup;
			children = (
				A20000000000000000000007 /* UIKit.framework */,
				A20000000000000000000008 /* WebKit.framework */,
			);
			name = Frameworks;
			sourceTree = "<group>";
		};
		A40000000000000000000005 /* Products */ = {
			isa = PBXGroup;
			children = (
				A20000000000000000000009 /* BrowserQuest.app */,
			);
			name = Products;
			sourceTree = "<group>";
		};
/* End PBXGroup section */

/* Begin PBXNativeTarget section */
		A50000000000000000000001 /* BrowserQuest */ = {
			isa = PBXNativeTarget;
			buildConfigurationList = A90000000000000000000002 /* Build configuration list for PBXNativeTarget "BrowserQuest" */;
			buildPhases = (
				A30000000000000000000002 /* Sources */,
				A30000000000000000000001 /* Frameworks */,
				A30000000000000000000003 /* Resources */,
			);
			buildRules = (
			);
			dependencies = (
			);
			name = BrowserQuest;
			productName = BrowserQuest;
			productReference = A20000000000000000000009 /* BrowserQuest.app */;
			productType = "com.apple.product-type.application";
		};
/* End PBXNativeTarget section */

/* Begin PBXProject section */
		A60000000000000000000001 /* Project object */ = {
			isa = PBXProject;
			attributes = {
				BuildIndependentTargetsInParallel = 1;
				LastSwiftUpdateCheck = 1500;
				LastUpgradeCheck = 1500;
				TargetAttributes = {
					A50000000000000000000001 = {
						CreatedOnToolsVersion = 15.0;
					};
				};
			};
			buildConfigurationList = A90000000000000000000001 /* Build configuration list for PBXProject "BrowserQuest" */;
			compatibilityVersion = "Xcode 14.0";
			developmentRegion = en;
			hasScannedForEncodings = 0;
			knownRegions = (
				en,
				Base,
			);
			mainGroup = A40000000000000000000001;
			productRefGroup = A40000000000000000000005 /* Products */;
			projectDirPath = "";
			projectRoot = "";
			targets = (
				A50000000000000000000001 /* BrowserQuest */,
			);
		};
/* End PBXProject section */

/* Begin PBXResourcesBuildPhase section */
		A30000000000000000000003 /* Resources */ = {
			isa = PBXResourcesBuildPhase;
			buildActionMask = 2147483647;
			files = (
				A10000000000000000000004 /* client in Resources */,
				A10000000000000000000005 /* shared in Resources */,
			);
			runOnlyForDeploymentPostprocessing = 0;
		};
/* End PBXResourcesBuildPhase section */

/* Begin PBXSourcesBuildPhase section */
		A30000000000000000000002 /* Sources */ = {
			isa = PBXSourcesBuildPhase;
			buildActionMask = 2147483647;
			files = (
				A10000000000000000000001 /* AppDelegate.swift in Sources */,
				A10000000000000000000002 /* SceneDelegate.swift in Sources */,
				A10000000000000000000003 /* GameViewController.swift in Sources */,
			);
			runOnlyForDeploymentPostprocessing = 0;
		};
/* End PBXSourcesBuildPhase section */

/* Begin XCBuildConfiguration section */
		A80000000000000000000001 /* Debug */ = {
			isa = XCBuildConfiguration;
			buildSettings = {
				CLANG_ENABLE_MODULES = YES;
				COPY_PHASE_STRIP = NO;
				DEBUG_INFORMATION_FORMAT = dwarf;
				ENABLE_TESTABILITY = YES;
				GCC_OPTIMIZATION_LEVEL = 0;
				IPHONEOS_DEPLOYMENT_TARGET = 16.0;
				ONLY_ACTIVE_ARCH = YES;
				SDKROOT = iphoneos;
				SWIFT_ACTIVE_COMPILATION_CONDITIONS = DEBUG;
				SWIFT_OPTIMIZATION_LEVEL = "-Onone";
				SWIFT_VERSION = 5.0;
			};
			name = Debug;
		};
		A80000000000000000000002 /* Release */ = {
			isa = XCBuildConfiguration;
			buildSettings = {
				CLANG_ENABLE_MODULES = YES;
				COPY_PHASE_STRIP = YES;
				DEBUG_INFORMATION_FORMAT = "dwarf-with-dsym";
				IPHONEOS_DEPLOYMENT_TARGET = 16.0;
				SDKROOT = iphoneos;
				SWIFT_COMPILATION_MODE = wholemodule;
				SWIFT_OPTIMIZATION_LEVEL = "-O";
				SWIFT_VERSION = 5.0;
			};
			name = Release;
		};
		A80000000000000000000003 /* Debug */ = {
			isa = XCBuildConfiguration;
			buildSettings = {
				CODE_SIGN_STYLE = Automatic;
				CURRENT_PROJECT_VERSION = 1;
				DEVELOPMENT_TEAM = "";
				GENERATE_INFOPLIST_FILE = NO;
				INFOPLIST_FILE = BrowserQuest/Info.plist;
				MARKETING_VERSION = 1.0;
				PRODUCT_BUNDLE_IDENTIFIER = com.browserquest.game;
				PRODUCT_NAME = "$(TARGET_NAME)";
				SUPPORTED_PLATFORMS = "iphoneos iphonesimulator";
				SUPPORTS_MACCATALYST = NO;
				SWIFT_EMIT_LOC_STRINGS = YES;
				TARGETED_DEVICE_FAMILY = "1,2";
			};
			name = Debug;
		};
		A80000000000000000000004 /* Release */ = {
			isa = XCBuildConfiguration;
			buildSettings = {
				CODE_SIGN_STYLE = Automatic;
				CURRENT_PROJECT_VERSION = 1;
				DEVELOPMENT_TEAM = "";
				GENERATE_INFOPLIST_FILE = NO;
				INFOPLIST_FILE = BrowserQuest/Info.plist;
				MARKETING_VERSION = 1.0;
				PRODUCT_BUNDLE_IDENTIFIER = com.browserquest.game;
				PRODUCT_NAME = "$(TARGET_NAME)";
				SUPPORTED_PLATFORMS = "iphoneos iphonesimulator";
				SUPPORTS_MACCATALYST = NO;
				SWIFT_EMIT_LOC_STRINGS = YES;
				TARGETED_DEVICE_FAMILY = "1,2";
			};
			name = Release;
		};
/* End XCBuildConfiguration section */

/* Begin XCConfigurationList section */
		A90000000000000000000001 /* Build configuration list for PBXProject "BrowserQuest" */ = {
			isa = XCConfigurationList;
			buildConfigurations = (
				A80000000000000000000001 /* Debug */,
				A80000000000000000000002 /* Release */,
			);
			defaultConfigurationIsVisible = 0;
			defaultConfigurationName = Release;
		};
		A90000000000000000000002 /* Build configuration list for PBXNativeTarget "BrowserQuest" */ = {
			isa = XCConfigurationList;
			buildConfigurations = (
				A80000000000000000000003 /* Debug */,
				A80000000000000000000004 /* Release */,
			);
			defaultConfigurationIsVisible = 0;
			defaultConfigurationName = Release;
		};
/* End XCConfigurationList section */
	};
	rootObject = A60000000000000000000001 /* Project object */;
}
